<?xml version="1.0" encoding="utf-8"?>
<Project ToolsVersion="4.0" xmlns="http://schemas.microsoft.com/developer/msbuild/2003">
  <ItemGroup>
    <Filter Include="Source Files">
      <UniqueIdentifier>{4FC737F1-C7A5-4376-A066-2A32D752A2FF}</UniqueIdentifier>
      <Extensions>cpp;c;cc;cxx;c++;cppm;ixx;def;odl;idl;hpj;bat;asm;asmx</Extensions>
    </Filter>
    <Filter Include="Header Files">
      <UniqueIdentifier>{93995380-89BD-4b04-88EB-625FBE52EBFB}</UniqueIdentifier>
      <Extensions>h;hh;hpp;hxx;h++;hm;inl;inc;ipp;xsd</Extensions>
    </Filter>
    <Filter Include="Resource Files">
      <UniqueIdentifier>{67DA6AB6-F800-4c08-8B7A-83BB121AAD01}</UniqueIdentifier>
      <Extensions>rc;ico;cur;bmp;dlg;rc2;rct;bin;rgs;gif;jpg;jpeg;jpe;resx;tiff;tif;png;wav;mfcribbon-ms</Extensions>
    </Filter>
    <Filter Include="Header Files\VkBootstrap">
      <UniqueIdentifier>{5bcd80da-f35a-4be2-9dd9-8aef2446787f}</UniqueIdentifier>
    </Filter>
    <Filter Include="Source Files\VkBootstrap">
      <UniqueIdentifier>{a3d8db6c-5e22-4738-8809-56c0477780e8}</UniqueIdentifier>
    </Filter>
    <Filter Include="Header Files\ImGui">
      <UniqueIdentifier>{b257ba51-2b24-41b0-9ea1-a87ab8cbe6f7}</UniqueIdentifier>
    </Filter>
    <Filter Include="Source Files\ImGui">
      <UniqueIdentifier>{15de0c83-6f3d-4f09-84da-4bc1b6669c31}</UniqueIdentifier>
    </Filter>
    <Filter Include="Header Files\misc">
      <UniqueIdentifier>{3613f1b8-ce23-4474-81fe-c05fd988aa30}</UniqueIdentifier>
    </Filter>
    <Filter Include="Resource Files\notes">
      <UniqueIdentifier>{068b4c0e-dc14-40be-8c6c-50fb93743ce6}</UniqueIdentifier>
    </Filter>
  </ItemGroup>
  <ItemGroup>
    <ClCompile Include="main.cpp">
      <Filter>Source Files</Filter>
    </ClCompile>
    <ClCompile Include="View_old.cpp">
      <Filter>Source Files</Filter>
    </ClCompile>
    <ClCompile Include="Game.cpp">
      <Filter>Source Files</Filter>
    </ClCompile>
    <ClCompile Include="Controller.cpp">
      <Filter>Source Files</Filter>
    </ClCompile>
    <ClCompile Include="View1.cpp">
      <Filter>Source Files</Filter>
    </ClCompile>
    <ClCompile Include="VkBoostrap.cpp">
      <Filter>Source Files\VkBootstrap</Filter>
    </ClCompile>
    <ClCompile Include="imgui_impl_sdl2.cpp">
      <Filter>Source Files\ImGui</Filter>
    </ClCompile>
    <ClCompile Include="imgui_impl_vulkan.cpp">
      <Filter>Source Files\ImGui</Filter>
    </ClCompile>
    <ClCompile Include="imgui.cpp">
      <Filter>Source Files\ImGui</Filter>
    </ClCompile>
    <ClCompile Include="imgui_demo.cpp">
      <Filter>Source Files\ImGui</Filter>
    </ClCompile>
    <ClCompile Include="imgui_draw.cpp">
      <Filter>Source Files\ImGui</Filter>
    </ClCompile>
    <ClCompile Include="imgui_tables.cpp">
      <Filter>Source Files\ImGui</Filter>
    </ClCompile>
    <ClCompile Include="imgui_widgets.cpp">
      <Filter>Source Files\ImGui</Filter>
    </ClCompile>
    <ClCompile Include="old_Code.cpp">
      <Filter>Source Files</Filter>
    </ClCompile>
    <ClCompile Include="ViewInit.cpp">
      <Filter>Source Files</Filter>
    </ClCompile>
    <ClCompile Include="Pipeline.cpp">
      <Filter>Source Files</Filter>
    </ClCompile>
    <ClCompile Include="VreDevice.cpp">
      <Filter>Source Files</Filter>
    </ClCompile>
    <ClCompile Include="View.cpp">
      <Filter>Source Files</Filter>
    </ClCompile>
  </ItemGroup>
  <ItemGroup>
    <None Include="shader1.frag">
      <Filter>Resource Files</Filter>
    </None>
    <None Include="shader1.vert">
      <Filter>Resource Files</Filter>
    </None>
    <None Include="shader1_2.vert">
      <Filter>Resource Files</Filter>
    </None>
    <None Include="shader2.glsl">
      <Filter>Resource Files</Filter>
    </None>
    <None Include="gradient_color.comp">
      <Filter>Resource Files</Filter>
    </None>
    <None Include="color_triangle.vert">
      <Filter>Resource Files</Filter>
    </None>
    <None Include="color_triangle.frag">
      <Filter>Resource Files</Filter>
    </None>
    <None Include="color_triangle_mesh.vert">
      <Filter>Resource Files</Filter>
    </None>
    <None Include="floor_ceiling.comp">
      <Filter>Resource Files</Filter>
    </None>
    <None Include="triangle.vert" />
    <None Include="common_datatypes_for_vertex_buffers.txt">
      <Filter>Resource Files\notes</Filter>
    </None>
    <None Include="exampleRenderLoop.md">
      <Filter>Resource Files\notes</Filter>
    </None>
    <None Include="triangle.frag" />
  </ItemGroup>
  <ItemGroup>
    <ClInclude Include="Game.hpp">
      <Filter>Header Files</Filter>
    </ClInclude>
    <ClInclude Include="VkFuncs.hpp">
      <Filter>Header Files</Filter>
    </ClInclude>
    <ClInclude Include="Shader.hpp">
      <Filter>Header Files</Filter>
    </ClInclude>
    <ClInclude Include="Triangle.hpp">
      <Filter>Header Files</Filter>
    </ClInclude>
    <ClInclude Include="PipelineBuilder.hpp">
      <Filter>Header Files</Filter>
    </ClInclude>
    <ClInclude Include="Controller.hpp">
      <Filter>Header Files</Filter>
    </ClInclude>
    <ClInclude Include="Structs.hpp">
      <Filter>Header Files</Filter>
    </ClInclude>
    <ClInclude Include="View1.hpp">
      <Filter>Header Files</Filter>
    </ClInclude>
    <ClInclude Include="VkBootstrapDispatch.h">
      <Filter>Header Files\VkBootstrap</Filter>
    </ClInclude>
    <ClInclude Include="VkBootstrap.h">
      <Filter>Header Files\VkBootstrap</Filter>
    </ClInclude>
    <ClInclude Include="imgui.h">
      <Filter>Header Files\ImGui</Filter>
    </ClInclude>
    <ClInclude Include="imgui_impl_sdl2.h">
      <Filter>Header Files\ImGui</Filter>
    </ClInclude>
    <ClInclude Include="imgui_impl_vulkan.h">
      <Filter>Header Files\ImGui</Filter>
    </ClInclude>
    <ClInclude Include="imconfig.h">
      <Filter>Header Files\ImGui</Filter>
    </ClInclude>
    <ClInclude Include="imgui_internal.h">
      <Filter>Header Files\ImGui</Filter>
    </ClInclude>
    <ClInclude Include="imstb_textedit.h">
      <Filter>Header Files\ImGui</Filter>
    </ClInclude>
    <ClInclude Include="imstb_rectpack.h">
      <Filter>Header Files\ImGui</Filter>
    </ClInclude>
    <ClInclude Include="imstb_truetype.h">
      <Filter>Header Files\ImGui</Filter>
    </ClInclude>
    <ClInclude Include="ViewInit.hpp">
      <Filter>Header Files</Filter>
    </ClInclude>
    <ClInclude Include="View_old.hpp">
      <Filter>Header Files\misc</Filter>
    </ClInclude>
    <ClInclude Include="VideoSettings.hpp">
      <Filter>Header Files\misc</Filter>
    </ClInclude>
    <ClInclude Include="Headers.hpp">
      <Filter>Header Files\misc</Filter>
    </ClInclude>
    <ClInclude Include="Dot.hpp">
      <Filter>Header Files</Filter>
    </ClInclude>
    <ClInclude Include="Pipeline.hpp">
      <Filter>Header Files</Filter>
    </ClInclude>
    <ClInclude Include="VreDevice.hpp">
      <Filter>Header Files</Filter>
    </ClInclude>
    <ClInclude Include="View.hpp">
      <Filter>Header Files</Filter>
    </ClInclude>
  </ItemGroup>
</Project>